
Microsoft Visual Studio Solution File, Format Version 12.00
# Visual Studio Version 17
VisualStudioVersion = 17.6.33829.357
MinimumVisualStudioVersion = 10.0.40219.1
Project("{FAE04EC0-301F-11D3-BF4B-00C04F79EFBC}") = "CalcEngineService", "CalcEngineService.csproj", "{513900BD-BBFB-4A24-B36D-920E36F3C88B}"
EndProject
Global
	GlobalSection(SolutionConfigurationPlatforms) = preSolution
		Debug|Any CPU = Debug|Any CPU
		Release|Any CPU = Release|Any CPU
	EndGlobalSection
	GlobalSection(ProjectConfigurationPlatforms) = postSolution
		{513900BD-BBFB-4A24-B36D-920E36F3C88B}.Debug|Any CPU.ActiveCfg = Debug|Any CPU
		{513900BD-BBFB-4A24-B36D-920E36F3C88B}.Debug|Any CPU.Build.0 = Debug|Any CPU
		{513900BD-BBFB-4A24-B36D-920E36F3C88B}.Release|Any CPU.ActiveCfg = Release|Any CPU
		{513900BD-BBFB-4A24-B36D-920E36F3C88B}.Release|Any CPU.Build.0 = Release|Any CPU
	EndGlobalSection
	GlobalSection(SolutionProperties) = preSolution
		HideSolutionNode = FALSE
	EndGlobalSection
	GlobalSection(ExtensibilityGlobals) = postSolution
		SolutionGuid = {2FA4C8EB-9194-4A2D-93CE-AA367FFC7822}
	EndGlobalSection
EndGlobal
